// !$*UTF8*$!
{
	archiveVersion = 1;
	classes = {
	};
	objectVersion = 56;
	objects = {

/* Begin PBXBuildFile section */
		5A9B83442A10D1E30099616B /* ArtCollectionView.swift in Sources */ = {isa = PBXBuildFile; fileRef = 5A9B83432A10D1E30099616B /* ArtCollectionView.swift */; };
		5A9B83482A10D20E0099616B /* FavoritesView.swift in Sources */ = {isa = PBXBuildFile; fileRef = 5A9B83472A10D20E0099616B /* FavoritesView.swift */; };
		5AACC0852A10D7AE00044528 /* LogoView.swift in Sources */ = {isa = PBXBuildFile; fileRef = 5AACC0842A10D7AE00044528 /* LogoView.swift */; };
		5AE010502A1003EE003664B3 /* RijksmuseumApp.swift in Sources */ = {isa = PBXBuildFile; fileRef = 5AE0104F2A1003EE003664B3 /* RijksmuseumApp.swift */; };
		5AE010522A1003EE003664B3 /* ContentView.swift in Sources */ = {isa = PBXBuildFile; fileRef = 5AE010512A1003EE003664B3 /* ContentView.swift */; };
		5AE010542A1003F0003664B3 /* Assets.xcassets in Resources */ = {isa = PBXBuildFile; fileRef = 5AE010532A1003F0003664B3 /* Assets.xcassets */; };
		5AE010572A1003F0003664B3 /* Preview Assets.xcassets in Resources */ = {isa = PBXBuildFile; fileRef = 5AE010562A1003F0003664B3 /* Preview Assets.xcassets */; };
		5AEC71632A1004DD0020AC17 /* Color.swift in Sources */ = {isa = PBXBuildFile; fileRef = 5AEC71622A1004DD0020AC17 /* Color.swift */; };
		5AEC71662A1005F30020AC17 /* Endpoint.swift in Sources */ = {isa = PBXBuildFile; fileRef = 5AEC71652A1005F30020AC17 /* Endpoint.swift */; };
		5AEC71682A1006030020AC17 /* RequestError.swift in Sources */ = {isa = PBXBuildFile; fileRef = 5AEC71672A1006030020AC17 /* RequestError.swift */; };
		5AEC716A2A1006130020AC17 /* HTTPClient.swift in Sources */ = {isa = PBXBuildFile; fileRef = 5AEC71692A1006130020AC17 /* HTTPClient.swift */; };
		5AEC716D2A1007930020AC17 /* Acquisition.swift in Sources */ = {isa = PBXBuildFile; fileRef = 5AEC716C2A1007930020AC17 /* Acquisition.swift */; };
		5AEC716F2A10079C0020AC17 /* ArtObject.swift in Sources */ = {isa = PBXBuildFile; fileRef = 5AEC716E2A10079C0020AC17 /* ArtObject.swift */; };
		5AEC71712A1007A50020AC17 /* Dating.swift in Sources */ = {isa = PBXBuildFile; fileRef = 5AEC71702A1007A50020AC17 /* Dating.swift */; };
		5AEC71732A1007AE0020AC17 /* Item.swift in Sources */ = {isa = PBXBuildFile; fileRef = 5AEC71722A1007AE0020AC17 /* Item.swift */; };
		5AEC71752A1007B50020AC17 /* Label.swift in Sources */ = {isa = PBXBuildFile; fileRef = 5AEC71742A1007B50020AC17 /* Label.swift */; };
		5AEC71772A1007BE0020AC17 /* Collection.swift in Sources */ = {isa = PBXBuildFile; fileRef = 5AEC71762A1007BE0020AC17 /* Collection.swift */; };
		5AEC71792A1007C60020AC17 /* CollectionObject.swift in Sources */ = {isa = PBXBuildFile; fileRef = 5AEC71782A1007C60020AC17 /* CollectionObject.swift */; };
		5AEC717B2A1007CE0020AC17 /* CollectionObjectType.swift in Sources */ = {isa = PBXBuildFile; fileRef = 5AEC717A2A1007CE0020AC17 /* CollectionObjectType.swift */; };
		5AEC717D2A1007D70020AC17 /* WebImage.swift in Sources */ = {isa = PBXBuildFile; fileRef = 5AEC717C2A1007D60020AC17 /* WebImage.swift */; };
		5AEC71812A100A550020AC17 /* CollectionService.swift in Sources */ = {isa = PBXBuildFile; fileRef = 5AEC717F2A100A550020AC17 /* CollectionService.swift */; };
		5AEC71822A100A550020AC17 /* CollectionEndpoint.swift in Sources */ = {isa = PBXBuildFile; fileRef = 5AEC71802A100A550020AC17 /* CollectionEndpoint.swift */; };
		5AEC718A2A100F580020AC17 /* Kingfisher in Frameworks */ = {isa = PBXBuildFile; productRef = 5AEC71892A100F580020AC17 /* Kingfisher */; };
		5AEC71942A1012120020AC17 /* ItemTile.swift in Sources */ = {isa = PBXBuildFile; fileRef = 5AEC71932A1012120020AC17 /* ItemTile.swift */; };
		5AEC71982A101BAE0020AC17 /* MenuBar.swift in Sources */ = {isa = PBXBuildFile; fileRef = 5AEC71972A101BAE0020AC17 /* MenuBar.swift */; };
/* End PBXBuildFile section */

/* Begin PBXFileReference section */
		5A9B83432A10D1E30099616B /* ArtCollectionView.swift */ = {isa = PBXFileReference; lastKnownFileType = sourcecode.swift; path = ArtCollectionView.swift; sourceTree = "<group>"; };
		5A9B83472A10D20E0099616B /* FavoritesView.swift */ = {isa = PBXFileReference; lastKnownFileType = sourcecode.swift; path = FavoritesView.swift; sourceTree = "<group>"; };
		5AACC0842A10D7AE00044528 /* LogoView.swift */ = {isa = PBXFileReference; lastKnownFileType = sourcecode.swift; path = LogoView.swift; sourceTree = "<group>"; };
		5AE0104C2A1003EE003664B3 /* Rijksmuseum.app */ = {isa = PBXFileReference; explicitFileType = wrapper.application; includeInIndex = 0; path = Rijksmuseum.app; sourceTree = BUILT_PRODUCTS_DIR; };
		5AE0104F2A1003EE003664B3 /* RijksmuseumApp.swift */ = {isa = PBXFileReference; lastKnownFileType = sourcecode.swift; path = RijksmuseumApp.swift; sourceTree = "<group>"; };
		5AE010512A1003EE003664B3 /* ContentView.swift */ = {isa = PBXFileReference; lastKnownFileType = sourcecode.swift; path = ContentView.swift; sourceTree = "<group>"; };
		5AE010532A1003F0003664B3 /* Assets.xcassets */ = {isa = PBXFileReference; lastKnownFileType = folder.assetcatalog; path = Assets.xcassets; sourceTree = "<group>"; };
		5AE010562A1003F0003664B3 /* Preview Assets.xcassets */ = {isa = PBXFileReference; lastKnownFileType = folder.assetcatalog; path = "Preview Assets.xcassets"; sourceTree = "<group>"; };
		5AEC71622A1004DD0020AC17 /* Color.swift */ = {isa = PBXFileReference; lastKnownFileType = sourcecode.swift; path = Color.swift; sourceTree = "<group>"; };
		5AEC71652A1005F30020AC17 /* Endpoint.swift */ = {isa = PBXFileReference; lastKnownFileType = sourcecode.swift; path = Endpoint.swift; sourceTree = "<group>"; };
		5AEC71672A1006030020AC17 /* RequestError.swift */ = {isa = PBXFileReference; lastKnownFileType = sourcecode.swift; path = RequestError.swift; sourceTree = "<group>"; };
		5AEC71692A1006130020AC17 /* HTTPClient.swift */ = {isa = PBXFileReference; lastKnownFileType = sourcecode.swift; path = HTTPClient.swift; sourceTree = "<group>"; };
		5AEC716C2A1007930020AC17 /* Acquisition.swift */ = {isa = PBXFileReference; lastKnownFileType = sourcecode.swift; path = Acquisition.swift; sourceTree = "<group>"; };
		5AEC716E2A10079C0020AC17 /* ArtObject.swift */ = {isa = PBXFileReference; lastKnownFileType = sourcecode.swift; path = ArtObject.swift; sourceTree = "<group>"; };
		5AEC71702A1007A50020AC17 /* Dating.swift */ = {isa = PBXFileReference; lastKnownFileType = sourcecode.swift; path = Dating.swift; sourceTree = "<group>"; };
		5AEC71722A1007AE0020AC17 /* Item.swift */ = {isa = PBXFileReference; lastKnownFileType = sourcecode.swift; path = Item.swift; sourceTree = "<group>"; };
		5AEC71742A1007B50020AC17 /* Label.swift */ = {isa = PBXFileReference; lastKnownFileType = sourcecode.swift; path = Label.swift; sourceTree = "<group>"; };
		5AEC71762A1007BE0020AC17 /* Collection.swift */ = {isa = PBXFileReference; lastKnownFileType = sourcecode.swift; path = Collection.swift; sourceTree = "<group>"; };
		5AEC71782A1007C60020AC17 /* CollectionObject.swift */ = {isa = PBXFileReference; lastKnownFileType = sourcecode.swift; path = CollectionObject.swift; sourceTree = "<group>"; };
		5AEC717A2A1007CE0020AC17 /* CollectionObjectType.swift */ = {isa = PBXFileReference; lastKnownFileType = sourcecode.swift; path = CollectionObjectType.swift; sourceTree = "<group>"; };
		5AEC717C2A1007D60020AC17 /* WebImage.swift */ = {isa = PBXFileReference; lastKnownFileType = sourcecode.swift; path = WebImage.swift; sourceTree = "<group>"; };
		5AEC717F2A100A550020AC17 /* CollectionService.swift */ = {isa = PBXFileReference; fileEncoding = 4; lastKnownFileType = sourcecode.swift; path = CollectionService.swift; sourceTree = "<group>"; };
		5AEC71802A100A550020AC17 /* CollectionEndpoint.swift */ = {isa = PBXFileReference; fileEncoding = 4; lastKnownFileType = sourcecode.swift; path = CollectionEndpoint.swift; sourceTree = "<group>"; };
		5AEC71932A1012120020AC17 /* ItemTile.swift */ = {isa = PBXFileReference; fileEncoding = 4; lastKnownFileType = sourcecode.swift; path = ItemTile.swift; sourceTree = "<group>"; };
		5AEC71972A101BAE0020AC17 /* MenuBar.swift */ = {isa = PBXFileReference; fileEncoding = 4; lastKnownFileType = sourcecode.swift; path = MenuBar.swift; sourceTree = "<group>"; };
/* End PBXFileReference section */

/* Begin PBXFrameworksBuildPhase section */
		5AE010492A1003EE003664B3 /* Frameworks */ = {
			isa = PBXFrameworksBuildPhase;
			buildActionMask = 2147483647;
			files = (
				5AEC718A2A100F580020AC17 /* Kingfisher in Frameworks */,
			);
			runOnlyForDeploymentPostprocessing = 0;
		};
/* End PBXFrameworksBuildPhase section */

/* Begin PBXGroup section */
		5A9B83452A10D1F90099616B /* Favorites */ = {
			isa = PBXGroup;
			children = (
				5A9B83462A10D2050099616B /* Views */,
			);
			path = Favorites;
			sourceTree = "<group>";
		};
		5A9B83462A10D2050099616B /* Views */ = {
			isa = PBXGroup;
			children = (
				5A9B83472A10D20E0099616B /* FavoritesView.swift */,
			);
			path = Views;
			sourceTree = "<group>";
		};
		5AACC0832A10D79700044528 /* Core */ = {
			isa = PBXGroup;
			children = (
				5AACC0842A10D7AE00044528 /* LogoView.swift */,
			);
			path = Core;
			sourceTree = "<group>";
		};
		5AE010432A1003EE003664B3 = {
			isa = PBXGroup;
			children = (
				5AE0104E2A1003EE003664B3 /* Rijksmuseum */,
				5AE0104D2A1003EE003664B3 /* Products */,
			);
			sourceTree = "<group>";
		};
		5AE0104D2A1003EE003664B3 /* Products */ = {
			isa = PBXGroup;
			children = (
				5AE0104C2A1003EE003664B3 /* Rijksmuseum.app */,
			);
			name = Products;
			sourceTree = "<group>";
		};
		5AE0104E2A1003EE003664B3 /* Rijksmuseum */ = {
			isa = PBXGroup;
			children = (
				5AEC71642A1005E40020AC17 /* Networking */,
				5AEC716B2A1007750020AC17 /* Model */,
				5AEC717E2A100A3E0020AC17 /* Service */,
				5AEC718E2A10101F0020AC17 /* Feature */,
				5AEC71612A1004D00020AC17 /* Extensions */,
				5AE0104F2A1003EE003664B3 /* RijksmuseumApp.swift */,
				5AE010512A1003EE003664B3 /* ContentView.swift */,
				5AE010532A1003F0003664B3 /* Assets.xcassets */,
				5AE010552A1003F0003664B3 /* Preview Content */,
			);
			path = Rijksmuseum;
			sourceTree = "<group>";
		};
		5AE010552A1003F0003664B3 /* Preview Content */ = {
			isa = PBXGroup;
			children = (
				5AE010562A1003F0003664B3 /* Preview Assets.xcassets */,
			);
			path = "Preview Content";
			sourceTree = "<group>";
		};
		5AEC71612A1004D00020AC17 /* Extensions */ = {
			isa = PBXGroup;
			children = (
				5AEC71622A1004DD0020AC17 /* Color.swift */,
			);
			path = Extensions;
			sourceTree = "<group>";
		};
		5AEC71642A1005E40020AC17 /* Networking */ = {
			isa = PBXGroup;
			children = (
				5AEC71652A1005F30020AC17 /* Endpoint.swift */,
				5AEC71672A1006030020AC17 /* RequestError.swift */,
				5AEC71692A1006130020AC17 /* HTTPClient.swift */,
			);
			path = Networking;
			sourceTree = "<group>";
		};
		5AEC716B2A1007750020AC17 /* Model */ = {
			isa = PBXGroup;
			children = (
				5AEC716C2A1007930020AC17 /* Acquisition.swift */,
				5AEC716E2A10079C0020AC17 /* ArtObject.swift */,
				5AEC71702A1007A50020AC17 /* Dating.swift */,
				5AEC71722A1007AE0020AC17 /* Item.swift */,
				5AEC71742A1007B50020AC17 /* Label.swift */,
				5AEC71762A1007BE0020AC17 /* Collection.swift */,
				5AEC71782A1007C60020AC17 /* CollectionObject.swift */,
				5AEC717A2A1007CE0020AC17 /* CollectionObjectType.swift */,
				5AEC717C2A1007D60020AC17 /* WebImage.swift */,
			);
			path = Model;
			sourceTree = "<group>";
		};
		5AEC717E2A100A3E0020AC17 /* Service */ = {
			isa = PBXGroup;
			children = (
				5AEC71802A100A550020AC17 /* CollectionEndpoint.swift */,
				5AEC717F2A100A550020AC17 /* CollectionService.swift */,
			);
			path = Service;
			sourceTree = "<group>";
		};
		5AEC718E2A10101F0020AC17 /* Feature */ = {
			isa = PBXGroup;
			children = (
				5AEC718F2A10102B0020AC17 /* ArtCollection */,
				5A9B83452A10D1F90099616B /* Favorites */,
			);
			path = Feature;
			sourceTree = "<group>";
		};
		5AEC718F2A10102B0020AC17 /* ArtCollection */ = {
			isa = PBXGroup;
			children = (
				5AACC0832A10D79700044528 /* Core */,
				5AEC71902A1010380020AC17 /* Views */,
			);
			path = ArtCollection;
			sourceTree = "<group>";
		};
		5AEC71902A1010380020AC17 /* Views */ = {
			isa = PBXGroup;
			children = (
				5AEC71932A1012120020AC17 /* ItemTile.swift */,
				5AEC71972A101BAE0020AC17 /* MenuBar.swift */,
				5A9B83432A10D1E30099616B /* ArtCollectionView.swift */,
			);
			path = Views;
			sourceTree = "<group>";
		};
/* End PBXGroup section */

/* Begin PBXNativeTarget section */
		5AE0104B2A1003EE003664B3 /* Rijksmuseum */ = {
			isa = PBXNativeTarget;
			buildConfigurationList = 5AE0105A2A1003F0003664B3 /* Build configuration list for PBXNativeTarget "Rijksmuseum" */;
			buildPhases = (
				5AE010482A1003EE003664B3 /* Sources */,
				5AE010492A1003EE003664B3 /* Frameworks */,
				5AE0104A2A1003EE003664B3 /* Resources */,
			);
			buildRules = (
			);
			dependencies = (
			);
			name = Rijksmuseum;
			packageProductDependencies = (
				5AEC71892A100F580020AC17 /* Kingfisher */,
			);
			productName = Rijksmuseum;
			productReference = 5AE0104C2A1003EE003664B3 /* Rijksmuseum.app */;
			productType = "com.apple.product-type.application";
		};
/* End PBXNativeTarget section */

/* Begin PBXProject section */
		5AE010442A1003EE003664B3 /* Project object */ = {
			isa = PBXProject;
			attributes = {
				BuildIndependentTargetsInParallel = 1;
				LastSwiftUpdateCheck = 1430;
				LastUpgradeCheck = 1430;
				TargetAttributes = {
					5AE0104B2A1003EE003664B3 = {
						CreatedOnToolsVersion = 14.3;
					};
				};
			};
			buildConfigurationList = 5AE010472A1003EE003664B3 /* Build configuration list for PBXProject "Rijksmuseum" */;
			compatibilityVersion = "Xcode 14.0";
			developmentRegion = en;
			hasScannedForEncodings = 0;
			knownRegions = (
				en,
				Base,
			);
			mainGroup = 5AE010432A1003EE003664B3;
			packageReferences = (
				5AEC71882A100F580020AC17 /* XCRemoteSwiftPackageReference "Kingfisher" */,
			);
			productRefGroup = 5AE0104D2A1003EE003664B3 /* Products */;
			projectDirPath = "";
			projectRoot = "";
			targets = (
				5AE0104B2A1003EE003664B3 /* Rijksmuseum */,
			);
		};
/* End PBXProject section */

/* Begin PBXResourcesBuildPhase section */
		5AE0104A2A1003EE003664B3 /* Resources */ = {
			isa = PBXResourcesBuildPhase;
			buildActionMask = 2147483647;
			files = (
				5AE010572A1003F0003664B3 /* Preview Assets.xcassets in Resources */,
				5AE010542A1003F0003664B3 /* Assets.xcassets in Resources */,
			);
			runOnlyForDeploymentPostprocessing = 0;
		};
/* End PBXResourcesBuildPhase section */

/* Begin PBXSourcesBuildPhase section */
		5AE010482A1003EE003664B3 /* Sources */ = {
			isa = PBXSourcesBuildPhase;
			buildActionMask = 2147483647;
			files = (
				5AEC71822A100A550020AC17 /* CollectionEndpoint.swift in Sources */,
				5AEC71732A1007AE0020AC17 /* Item.swift in Sources */,
				5AEC716F2A10079C0020AC17 /* ArtObject.swift in Sources */,
				5AEC717D2A1007D70020AC17 /* WebImage.swift in Sources */,
				5A9B83442A10D1E30099616B /* ArtCollectionView.swift in Sources */,
				5AEC716D2A1007930020AC17 /* Acquisition.swift in Sources */,
				5AEC71772A1007BE0020AC17 /* Collection.swift in Sources */,
				5AE010522A1003EE003664B3 /* ContentView.swift in Sources */,
				5AEC71752A1007B50020AC17 /* Label.swift in Sources */,
				5AEC71682A1006030020AC17 /* RequestError.swift in Sources */,
				5AEC716A2A1006130020AC17 /* HTTPClient.swift in Sources */,
				5A9B83482A10D20E0099616B /* FavoritesView.swift in Sources */,
				5AEC71792A1007C60020AC17 /* CollectionObject.swift in Sources */,
				5AACC0852A10D7AE00044528 /* LogoView.swift in Sources */,
				5AE010502A1003EE003664B3 /* RijksmuseumApp.swift in Sources */,
				5AEC71942A1012120020AC17 /* ItemTile.swift in Sources */,
				5AEC71982A101BAE0020AC17 /* MenuBar.swift in Sources */,
				5AEC71662A1005F30020AC17 /* Endpoint.swift in Sources */,
				5AEC71712A1007A50020AC17 /* Dating.swift in Sources */,
				5AEC717B2A1007CE0020AC17 /* CollectionObjectType.swift in Sources */,
				5AEC71632A1004DD0020AC17 /* Color.swift in Sources */,
				5AEC71812A100A550020AC17 /* CollectionService.swift in Sources */,
			);
			runOnlyForDeploymentPostprocessing = 0;
		};
/* End PBXSourcesBuildPhase section */

/* Begin XCBuildConfiguration section */
		5AE010582A1003F0003664B3 /* Debug */ = {
			isa = XCBuildConfiguration;
			buildSettings = {
				ALWAYS_SEARCH_USER_PATHS = NO;
				CLANG_ANALYZER_NONNULL = YES;
				CLANG_ANALYZER_NUMBER_OBJECT_CONVERSION = YES_AGGRESSIVE;
				CLANG_CXX_LANGUAGE_STANDARD = "gnu++20";
				CLANG_ENABLE_MODULES = YES;
				CLANG_ENABLE_OBJC_ARC = YES;
				CLANG_ENABLE_OBJC_WEAK = YES;
				CLANG_WARN_BLOCK_CAPTURE_AUTORELEASING = YES;
				CLANG_WARN_BOOL_CONVERSION = YES;
				CLANG_WARN_COMMA = YES;
				CLANG_WARN_CONSTANT_CONVERSION = YES;
				CLANG_WARN_DEPRECATED_OBJC_IMPLEMENTATIONS = YES;
				CLANG_WARN_DIRECT_OBJC_ISA_USAGE = YES_ERROR;
				CLANG_WARN_DOCUMENTATION_COMMENTS = YES;
				CLANG_WARN_EMPTY_BODY = YES;
				CLANG_WARN_ENUM_CONVERSION = YES;
				CLANG_WARN_INFINITE_RECURSION = YES;
				CLANG_WARN_INT_CONVERSION = YES;
				CLANG_WARN_NON_LITERAL_NULL_CONVERSION = YES;
				CLANG_WARN_OBJC_IMPLICIT_RETAIN_SELF = YES;
				CLANG_WARN_OBJC_LITERAL_CONVERSION = YES;
				CLANG_WARN_OBJC_ROOT_CLASS = YES_ERROR;
				CLANG_WARN_QUOTED_INCLUDE_IN_FRAMEWORK_HEADER = YES;
				CLANG_WARN_RANGE_LOOP_ANALYSIS = YES;
				CLANG_WARN_STRICT_PROTOTYPES = YES;
				CLANG_WARN_SUSPICIOUS_MOVE = YES;
				CLANG_WARN_UNGUARDED_AVAILABILITY = YES_AGGRESSIVE;
				CLANG_WARN_UNREACHABLE_CODE = YES;
				CLANG_WARN__DUPLICATE_METHOD_MATCH = YES;
				COPY_PHASE_STRIP = NO;
				DEBUG_INFORMATION_FORMAT = dwarf;
				ENABLE_STRICT_OBJC_MSGSEND = YES;
				ENABLE_TESTABILITY = YES;
				GCC_C_LANGUAGE_STANDARD = gnu11;
				GCC_DYNAMIC_NO_PIC = NO;
				GCC_NO_COMMON_BLOCKS = YES;
				GCC_OPTIMIZATION_LEVEL = 0;
				GCC_PREPROCESSOR_DEFINITIONS = (
					"DEBUG=1",
					"$(inherited)",
				);
				GCC_WARN_64_TO_32_BIT_CONVERSION = YES;
				GCC_WARN_ABOUT_RETURN_TYPE = YES_ERROR;
				GCC_WARN_UNDECLARED_SELECTOR = YES;
				GCC_WARN_UNINITIALIZED_AUTOS = YES_AGGRESSIVE;
				GCC_WARN_UNUSED_FUNCTION = YES;
				GCC_WARN_UNUSED_VARIABLE = YES;
				IPHONEOS_DEPLOYMENT_TARGET = 16.4;
				MTL_ENABLE_DEBUG_INFO = INCLUDE_SOURCE;
				MTL_FAST_MATH = YES;
				ONLY_ACTIVE_ARCH = YES;
				SDKROOT = iphoneos;
				SWIFT_ACTIVE_COMPILATION_CONDITIONS = DEBUG;
				SWIFT_OPTIMIZATION_LEVEL = "-Onone";
			};
			name = Debug;
		};
		5AE010592A1003F0003664B3 /* Release */ = {
			isa = XCBuildConfiguration;
			buildSettings = {
				ALWAYS_SEARCH_USER_PATHS = NO;
				CLANG_ANALYZER_NONNULL = YES;
				CLANG_ANALYZER_NUMBER_OBJECT_CONVERSION = YES_AGGRESSIVE;
				CLANG_CXX_LANGUAGE_STANDARD = "gnu++20";
				CLANG_ENABLE_MODULES = YES;
				CLANG_ENABLE_OBJC_ARC = YES;
				CLANG_ENABLE_OBJC_WEAK = YES;
				CLANG_WARN_BLOCK_CAPTURE_AUTORELEASING = YES;
				CLANG_WARN_BOOL_CONVERSION = YES;
				CLANG_WARN_COMMA = YES;
				CLANG_WARN_CONSTANT_CONVERSION = YES;
				CLANG_WARN_DEPRECATED_OBJC_IMPLEMENTATIONS = YES;
				CLANG_WARN_DIRECT_OBJC_ISA_USAGE = YES_ERROR;
				CLANG_WARN_DOCUMENTATION_COMMENTS = YES;
				CLANG_WARN_EMPTY_BODY = YES;
				CLANG_WARN_ENUM_CONVERSION = YES;
				CLANG_WARN_INFINITE_RECURSION = YES;
				CLANG_WARN_INT_CONVERSION = YES;
				CLANG_WARN_NON_LITERAL_NULL_CONVERSION = YES;
				CLANG_WARN_OBJC_IMPLICIT_RETAIN_SELF = YES;
				CLANG_WARN_OBJC_LITERAL_CONVERSION = YES;
				CLANG_WARN_OBJC_ROOT_CLASS = YES_ERROR;
				CLANG_WARN_QUOTED_INCLUDE_IN_FRAMEWORK_HEADER = YES;
				CLANG_WARN_RANGE_LOOP_ANALYSIS = YES;
				CLANG_WARN_STRICT_PROTOTYPES = YES;
				CLANG_WARN_SUSPICIOUS_MOVE = YES;
				CLANG_WARN_UNGUARDED_AVAILABILITY = YES_AGGRESSIVE;
				CLANG_WARN_UNREACHABLE_CODE = YES;
				CLANG_WARN__DUPLICATE_METHOD_MATCH = YES;
				COPY_PHASE_STRIP = NO;
				DEBUG_INFORMATION_FORMAT = "dwarf-with-dsym";
				ENABLE_NS_ASSERTIONS = NO;
				ENABLE_STRICT_OBJC_MSGSEND = YES;
				GCC_C_LANGUAGE_STANDARD = gnu11;
				GCC_NO_COMMON_BLOCKS = YES;
				GCC_WARN_64_TO_32_BIT_CONVERSION = YES;
				GCC_WARN_ABOUT_RETURN_TYPE = YES_ERROR;
				GCC_WARN_UNDECLARED_SELECTOR = YES;
				GCC_WARN_UNINITIALIZED_AUTOS = YES_AGGRESSIVE;
				GCC_WARN_UNUSED_FUNCTION = YES;
				GCC_WARN_UNUSED_VARIABLE = YES;
				IPHONEOS_DEPLOYMENT_TARGET = 16.4;
				MTL_ENABLE_DEBUG_INFO = NO;
				MTL_FAST_MATH = YES;
				SDKROOT = iphoneos;
				SWIFT_COMPILATION_MODE = wholemodule;
				SWIFT_OPTIMIZATION_LEVEL = "-O";
				VALIDATE_PRODUCT = YES;
			};
			name = Release;
		};
		5AE0105B2A1003F0003664B3 /* Debug */ = {
			isa = XCBuildConfiguration;
			buildSettings = {
				ASSETCATALOG_COMPILER_APPICON_NAME = AppIcon;
				ASSETCATALOG_COMPILER_GLOBAL_ACCENT_COLOR_NAME = AccentColor;
				CODE_SIGN_STYLE = Automatic;
				CURRENT_PROJECT_VERSION = 1;
				DEVELOPMENT_ASSET_PATHS = "\"Rijksmuseum/Preview Content\"";
				DEVELOPMENT_TEAM = C49U28DLR9;
				ENABLE_PREVIEWS = YES;
				GENERATE_INFOPLIST_FILE = YES;
				INFOPLIST_KEY_UIApplicationSceneManifest_Generation = YES;
				INFOPLIST_KEY_UIApplicationSupportsIndirectInputEvents = YES;
				INFOPLIST_KEY_UILaunchScreen_Generation = YES;
				INFOPLIST_KEY_UISupportedInterfaceOrientations_iPad = "UIInterfaceOrientationPortrait UIInterfaceOrientationPortraitUpsideDown UIInterfaceOrientationLandscapeLeft UIInterfaceOrientationLandscapeRight";
				INFOPLIST_KEY_UISupportedInterfaceOrientations_iPhone = "UIInterfaceOrientationPortrait UIInterfaceOrientationLandscapeLeft UIInterfaceOrientationLandscapeRight";
				LD_RUNPATH_SEARCH_PATHS = (
					"$(inherited)",
					"@executable_path/Frameworks",
				);
				MARKETING_VERSION = 1.0;
				PRODUCT_BUNDLE_IDENTIFIER = com.filipedonadio.Rijksmuseum;
				PRODUCT_NAME = "$(TARGET_NAME)";
				SWIFT_EMIT_LOC_STRINGS = YES;
				SWIFT_VERSION = 5.0;
				TARGETED_DEVICE_FAMILY = "1,2";
			};
			name = Debug;
		};
		5AE0105C2A1003F0003664B3 /* Release */ = {
			isa = XCBuildConfiguration;
			buildSettings = {
				ASSETCATALOG_COMPILER_APPICON_NAME = AppIcon;
				ASSETCATALOG_COMPILER_GLOBAL_ACCENT_COLOR_NAME = AccentColor;
				CODE_SIGN_STYLE = Automatic;
				CURRENT_PROJECT_VERSION = 1;
				DEVELOPMENT_ASSET_PATHS = "\"Rijksmuseum/Preview Content\"";
				DEVELOPMENT_TEAM = C49U28DLR9;
				ENABLE_PREVIEWS = YES;
				GENERATE_INFOPLIST_FILE = YES;
				INFOPLIST_KEY_UIApplicationSceneManifest_Generation = YES;
				INFOPLIST_KEY_UIApplicationSupportsIndirectInputEvents = YES;
				INFOPLIST_KEY_UILaunchScreen_Generation = YES;
				INFOPLIST_KEY_UISupportedInterfaceOrientations_iPad = "UIInterfaceOrientationPortrait UIInterfaceOrientationPortraitUpsideDown UIInterfaceOrientationLandscapeLeft UIInterfaceOrientationLandscapeRight";
				INFOPLIST_KEY_UISupportedInterfaceOrientations_iPhone = "UIInterfaceOrientationPortrait UIInterfaceOrientationLandscapeLeft UIInterfaceOrientationLandscapeRight";
				LD_RUNPATH_SEARCH_PATHS = (
					"$(inherited)",
					"@executable_path/Frameworks",
				);
				MARKETING_VERSION = 1.0;
				PRODUCT_BUNDLE_IDENTIFIER = com.filipedonadio.Rijksmuseum;
				PRODUCT_NAME = "$(TARGET_NAME)";
				SWIFT_EMIT_LOC_STRINGS = YES;
				SWIFT_VERSION = 5.0;
				TARGETED_DEVICE_FAMILY = "1,2";
			};
			name = Release;
		};
/* End XCBuildConfiguration section */

/* Begin XCConfigurationList section */
		5AE010472A1003EE003664B3 /* Build configuration list for PBXProject "Rijksmuseum" */ = {
			isa = XCConfigurationList;
			buildConfigurations = (
				5AE010582A1003F0003664B3 /* Debug */,
				5AE010592A1003F0003664B3 /* Release */,
			);
			defaultConfigurationIsVisible = 0;
			defaultConfigurationName = Release;
		};
		5AE0105A2A1003F0003664B3 /* Build configuration list for PBXNativeTarget "Rijksmuseum" */ = {
			isa = XCConfigurationList;
			buildConfigurations = (
				5AE0105B2A1003F0003664B3 /* Debug */,
				5AE0105C2A1003F0003664B3 /* Release */,
			);
			defaultConfigurationIsVisible = 0;
			defaultConfigurationName = Release;
		};
/* End XCConfigurationList section */

/* Begin XCRemoteSwiftPackageReference section */
		5AEC71882A100F580020AC17 /* XCRemoteSwiftPackageReference "Kingfisher" */ = {
			isa = XCRemoteSwiftPackageReference;
			repositoryURL = "https://github.com/onevcat/Kingfisher.git";
			requirement = {
				kind = upToNextMajorVersion;
				minimumVersion = 7.0.0;
			};
		};
/* End XCRemoteSwiftPackageReference section */

/* Begin XCSwiftPackageProductDependency section */
		5AEC71892A100F580020AC17 /* Kingfisher */ = {
			isa = XCSwiftPackageProductDependency;
			package = 5AEC71882A100F580020AC17 /* XCRemoteSwiftPackageReference "Kingfisher" */;
			productName = Kingfisher;
		};
/* End XCSwiftPackageProductDependency section */
	};
	rootObject = 5AE010442A1003EE003664B3 /* Project object */;
}
